// !$*UTF8*$!
{
	archiveVersion = 1;
	classes = {
	};
	objectVersion = 56;
	objects = {

/* Begin PBXBuildFile section */
		EA6BC1922AD02F0300E5C015 /* AppDelegate.swift in Sources */ = {isa = PBXBuildFile; fileRef = EA6BC1912AD02F0300E5C015 /* AppDelegate.swift */; };
		EA6BC1942AD02F0300E5C015 /* SceneDelegate.swift in Sources */ = {isa = PBXBuildFile; fileRef = EA6BC1932AD02F0300E5C015 /* SceneDelegate.swift */; };
		EA6BC19B2AD02F0400E5C015 /* Assets.xcassets in Resources */ = {isa = PBXBuildFile; fileRef = EA6BC19A2AD02F0400E5C015 /* Assets.xcassets */; };
		EA6BC19E2AD02F0400E5C015 /* LaunchScreen.storyboard in Resources */ = {isa = PBXBuildFile; fileRef = EA6BC19C2AD02F0400E5C015 /* LaunchScreen.storyboard */; };
		EA6BC1A82AD0310A00E5C015 /* FeedViewController.swift in Sources */ = {isa = PBXBuildFile; fileRef = EA6BC1A72AD0310A00E5C015 /* FeedViewController.swift */; };
		EA6BC1AC2AD031D800E5C015 /* SnapKit in Frameworks */ = {isa = PBXBuildFile; productRef = EA6BC1AB2AD031D800E5C015 /* SnapKit */; };
		EA6BC1B12AD0470500E5C015 /* LogoView.swift in Sources */ = {isa = PBXBuildFile; fileRef = EA6BC1B02AD0470500E5C015 /* LogoView.swift */; };
		EA6BC1B32AD144D500E5C015 /* RightTopElementsView.swift in Sources */ = {isa = PBXBuildFile; fileRef = EA6BC1B22AD144D500E5C015 /* RightTopElementsView.swift */; };
		EA6BC1B52AD18CBC00E5C015 /* FeedItemType.swift in Sources */ = {isa = PBXBuildFile; fileRef = EA6BC1B42AD18CBC00E5C015 /* FeedItemType.swift */; };
		EA6BC1B72AD18D0600E5C015 /* FeedStoriesCellInfo.swift in Sources */ = {isa = PBXBuildFile; fileRef = EA6BC1B62AD18D0600E5C015 /* FeedStoriesCellInfo.swift */; };
		EA6BC1B92AD18E4100E5C015 /* FeedPostItemInfo.swift in Sources */ = {isa = PBXBuildFile; fileRef = EA6BC1B82AD18E4100E5C015 /* FeedPostItemInfo.swift */; };
		EA6BC1BC2AD193C100E5C015 /* FeedStoriesSetCell.swift in Sources */ = {isa = PBXBuildFile; fileRef = EA6BC1BB2AD193C100E5C015 /* FeedStoriesSetCell.swift */; };
		EA6BC1BE2AD2C12300E5C015 /* FeedPostCell.swift in Sources */ = {isa = PBXBuildFile; fileRef = EA6BC1BD2AD2C12300E5C015 /* FeedPostCell.swift */; };
		EA6BC1C02AD2CD7800E5C015 /* StoriesItemCell.swift in Sources */ = {isa = PBXBuildFile; fileRef = EA6BC1BF2AD2CD7800E5C015 /* StoriesItemCell.swift */; };
/* End PBXBuildFile section */

/* Begin PBXFileReference section */
		EA6BC18E2AD02F0300E5C015 /* instagram-snapkit.app */ = {isa = PBXFileReference; explicitFileType = wrapper.application; includeInIndex = 0; path = "instagram-snapkit.app"; sourceTree = BUILT_PRODUCTS_DIR; };
		EA6BC1912AD02F0300E5C015 /* AppDelegate.swift */ = {isa = PBXFileReference; lastKnownFileType = sourcecode.swift; path = AppDelegate.swift; sourceTree = "<group>"; };
		EA6BC1932AD02F0300E5C015 /* SceneDelegate.swift */ = {isa = PBXFileReference; lastKnownFileType = sourcecode.swift; path = SceneDelegate.swift; sourceTree = "<group>"; };
		EA6BC19A2AD02F0400E5C015 /* Assets.xcassets */ = {isa = PBXFileReference; lastKnownFileType = folder.assetcatalog; path = Assets.xcassets; sourceTree = "<group>"; };
		EA6BC19D2AD02F0400E5C015 /* Base */ = {isa = PBXFileReference; lastKnownFileType = file.storyboard; name = Base; path = Base.lproj/LaunchScreen.storyboard; sourceTree = "<group>"; };
		EA6BC19F2AD02F0400E5C015 /* Info.plist */ = {isa = PBXFileReference; lastKnownFileType = text.plist.xml; path = Info.plist; sourceTree = "<group>"; };
		EA6BC1A72AD0310A00E5C015 /* FeedViewController.swift */ = {isa = PBXFileReference; lastKnownFileType = sourcecode.swift; path = FeedViewController.swift; sourceTree = "<group>"; };
		EA6BC1B02AD0470500E5C015 /* LogoView.swift */ = {isa = PBXFileReference; lastKnownFileType = sourcecode.swift; path = LogoView.swift; sourceTree = "<group>"; };
		EA6BC1B22AD144D500E5C015 /* RightTopElementsView.swift */ = {isa = PBXFileReference; lastKnownFileType = sourcecode.swift; path = RightTopElementsView.swift; sourceTree = "<group>"; };
		EA6BC1B42AD18CBC00E5C015 /* FeedItemType.swift */ = {isa = PBXFileReference; lastKnownFileType = sourcecode.swift; path = FeedItemType.swift; sourceTree = "<group>"; };
		EA6BC1B62AD18D0600E5C015 /* FeedStoriesCellInfo.swift */ = {isa = PBXFileReference; lastKnownFileType = sourcecode.swift; path = FeedStoriesCellInfo.swift; sourceTree = "<group>"; };
		EA6BC1B82AD18E4100E5C015 /* FeedPostItemInfo.swift */ = {isa = PBXFileReference; lastKnownFileType = sourcecode.swift; path = FeedPostItemInfo.swift; sourceTree = "<group>"; };
		EA6BC1BB2AD193C100E5C015 /* FeedStoriesSetCell.swift */ = {isa = PBXFileReference; lastKnownFileType = sourcecode.swift; path = FeedStoriesSetCell.swift; sourceTree = "<group>"; };
		EA6BC1BD2AD2C12300E5C015 /* FeedPostCell.swift */ = {isa = PBXFileReference; lastKnownFileType = sourcecode.swift; path = FeedPostCell.swift; sourceTree = "<group>"; };
		EA6BC1BF2AD2CD7800E5C015 /* StoriesItemCell.swift */ = {isa = PBXFileReference; lastKnownFileType = sourcecode.swift; path = StoriesItemCell.swift; sourceTree = "<group>"; };
/* End PBXFileReference section */

/* Begin PBXFrameworksBuildPhase section */
		EA6BC18B2AD02F0300E5C015 /* Frameworks */ = {
			isa = PBXFrameworksBuildPhase;
			buildActionMask = 2147483647;
			files = (
				EA6BC1AC2AD031D800E5C015 /* SnapKit in Frameworks */,
			);
			runOnlyForDeploymentPostprocessing = 0;
		};
/* End PBXFrameworksBuildPhase section */

/* Begin PBXGroup section */
		EA6BC1852AD02F0300E5C015 = {
			isa = PBXGroup;
			children = (
				EA6BC1902AD02F0300E5C015 /* instagram-snapkit */,
				EA6BC18F2AD02F0300E5C015 /* Products */,
			);
			sourceTree = "<group>";
		};
		EA6BC18F2AD02F0300E5C015 /* Products */ = {
			isa = PBXGroup;
			children = (
				EA6BC18E2AD02F0300E5C015 /* instagram-snapkit.app */,
			);
			name = Products;
			sourceTree = "<group>";
		};
		EA6BC1902AD02F0300E5C015 /* instagram-snapkit */ = {
			isa = PBXGroup;
			children = (
				EA6BC1A52AD02F9B00E5C015 /* Application */,
				EA6BC1A92AD0311100E5C015 /* Feed */,
				EA6BC1AD2AD046B000E5C015 /* Views */,
				EA6BC1A62AD02FB600E5C015 /* Resources */,
			);
			path = "instagram-snapkit";
			sourceTree = "<group>";
		};
		EA6BC1A52AD02F9B00E5C015 /* Application */ = {
			isa = PBXGroup;
			children = (
				EA6BC1912AD02F0300E5C015 /* AppDelegate.swift */,
				EA6BC1932AD02F0300E5C015 /* SceneDelegate.swift */,
			);
			path = Application;
			sourceTree = "<group>";
		};
		EA6BC1A62AD02FB600E5C015 /* Resources */ = {
			isa = PBXGroup;
			children = (
				EA6BC19A2AD02F0400E5C015 /* Assets.xcassets */,
				EA6BC19C2AD02F0400E5C015 /* LaunchScreen.storyboard */,
				EA6BC19F2AD02F0400E5C015 /* Info.plist */,
			);
			path = Resources;
			sourceTree = "<group>";
		};
		EA6BC1A92AD0311100E5C015 /* Feed */ = {
			isa = PBXGroup;
			children = (
				EA6BC1A72AD0310A00E5C015 /* FeedViewController.swift */,
				EA6BC1B42AD18CBC00E5C015 /* FeedItemType.swift */,
				EA6BC1B62AD18D0600E5C015 /* FeedStoriesCellInfo.swift */,
				EA6BC1B82AD18E4100E5C015 /* FeedPostItemInfo.swift */,
			);
			path = Feed;
			sourceTree = "<group>";
		};
		EA6BC1AD2AD046B000E5C015 /* Views */ = {
			isa = PBXGroup;
			children = (
				EA6BC1BA2AD1938200E5C015 /* Cells */,
				EA6BC1B02AD0470500E5C015 /* LogoView.swift */,
				EA6BC1B22AD144D500E5C015 /* RightTopElementsView.swift */,
			);
			path = Views;
			sourceTree = "<group>";
		};
		EA6BC1BA2AD1938200E5C015 /* Cells */ = {
			isa = PBXGroup;
			children = (
				EA6BC1BB2AD193C100E5C015 /* FeedStoriesSetCell.swift */,
				EA6BC1BD2AD2C12300E5C015 /* FeedPostCell.swift */,
				EA6BC1BF2AD2CD7800E5C015 /* StoriesItemCell.swift */,
			);
			path = Cells;
			sourceTree = "<group>";
		};
/* End PBXGroup section */

/* Begin PBXNativeTarget section */
		EA6BC18D2AD02F0300E5C015 /* instagram-snapkit */ = {
			isa = PBXNativeTarget;
			buildConfigurationList = EA6BC1A22AD02F0400E5C015 /* Build configuration list for PBXNativeTarget "instagram-snapkit" */;
			buildPhases = (
				EA6BC18A2AD02F0300E5C015 /* Sources */,
				EA6BC18B2AD02F0300E5C015 /* Frameworks */,
				EA6BC18C2AD02F0300E5C015 /* Resources */,
			);
			buildRules = (
			);
			dependencies = (
			);
			name = "instagram-snapkit";
			packageProductDependencies = (
				EA6BC1AB2AD031D800E5C015 /* SnapKit */,
			);
			productName = "instagram-snapkit";
			productReference = EA6BC18E2AD02F0300E5C015 /* instagram-snapkit.app */;
			productType = "com.apple.product-type.application";
		};
/* End PBXNativeTarget section */

/* Begin PBXProject section */
		EA6BC1862AD02F0300E5C015 /* Project object */ = {
			isa = PBXProject;
			attributes = {
				BuildIndependentTargetsInParallel = 1;
				LastSwiftUpdateCheck = 1500;
				LastUpgradeCheck = 1500;
				TargetAttributes = {
					EA6BC18D2AD02F0300E5C015 = {
						CreatedOnToolsVersion = 15.0;
					};
				};
			};
			buildConfigurationList = EA6BC1892AD02F0300E5C015 /* Build configuration list for PBXProject "instagram-snapkit" */;
			compatibilityVersion = "Xcode 14.0";
			developmentRegion = en;
			hasScannedForEncodings = 0;
			knownRegions = (
				en,
				Base,
			);
			mainGroup = EA6BC1852AD02F0300E5C015;
			packageReferences = (
				EA6BC1AA2AD031D800E5C015 /* XCRemoteSwiftPackageReference "SnapKit" */,
			);
			productRefGroup = EA6BC18F2AD02F0300E5C015 /* Products */;
			projectDirPath = "";
			projectRoot = "";
			targets = (
				EA6BC18D2AD02F0300E5C015 /* instagram-snapkit */,
			);
		};
/* End PBXProject section */

/* Begin PBXResourcesBuildPhase section */
		EA6BC18C2AD02F0300E5C015 /* Resources */ = {
			isa = PBXResourcesBuildPhase;
			buildActionMask = 2147483647;
			files = (
				EA6BC19E2AD02F0400E5C015 /* LaunchScreen.storyboard in Resources */,
				EA6BC19B2AD02F0400E5C015 /* Assets.xcassets in Resources */,
			);
			runOnlyForDeploymentPostprocessing = 0;
		};
/* End PBXResourcesBuildPhase section */

/* Begin PBXSourcesBuildPhase section */
		EA6BC18A2AD02F0300E5C015 /* Sources */ = {
			isa = PBXSourcesBuildPhase;
			buildActionMask = 2147483647;
			files = (
				EA6BC1C02AD2CD7800E5C015 /* StoriesItemCell.swift in Sources */,
				EA6BC1922AD02F0300E5C015 /* AppDelegate.swift in Sources */,
				EA6BC1B12AD0470500E5C015 /* LogoView.swift in Sources */,
				EA6BC1A82AD0310A00E5C015 /* FeedViewController.swift in Sources */,
				EA6BC1BC2AD193C100E5C015 /* FeedStoriesSetCell.swift in Sources */,
				EA6BC1B32AD144D500E5C015 /* RightTopElementsView.swift in Sources */,
				EA6BC1BE2AD2C12300E5C015 /* FeedPostCell.swift in Sources */,
				EA6BC1B52AD18CBC00E5C015 /* FeedItemType.swift in Sources */,
				EA6BC1942AD02F0300E5C015 /* SceneDelegate.swift in Sources */,
				EA6BC1B92AD18E4100E5C015 /* FeedPostItemInfo.swift in Sources */,
				EA6BC1B72AD18D0600E5C015 /* FeedStoriesCellInfo.swift in Sources */,
			);
			runOnlyForDeploymentPostprocessing = 0;
		};
/* End PBXSourcesBuildPhase section */

/* Begin PBXVariantGroup section */
		EA6BC19C2AD02F0400E5C015 /* LaunchScreen.storyboard */ = {
			isa = PBXVariantGroup;
			children = (
				EA6BC19D2AD02F0400E5C015 /* Base */,
			);
			name = LaunchScreen.storyboard;
			sourceTree = "<group>";
		};
/* End PBXVariantGroup section */

/* Begin XCBuildConfiguration section */
		EA6BC1A02AD02F0400E5C015 /* Debug */ = {
			isa = XCBuildConfiguration;
			buildSettings = {
				ALWAYS_SEARCH_USER_PATHS = NO;
				ASSETCATALOG_COMPILER_GENERATE_SWIFT_ASSET_SYMBOL_EXTENSIONS = YES;
				CLANG_ANALYZER_NONNULL = YES;
				CLANG_ANALYZER_NUMBER_OBJECT_CONVERSION = YES_AGGRESSIVE;
				CLANG_CXX_LANGUAGE_STANDARD = "gnu++20";
				CLANG_ENABLE_MODULES = YES;
				CLANG_ENABLE_OBJC_ARC = YES;
				CLANG_ENABLE_OBJC_WEAK = YES;
				CLANG_WARN_BLOCK_CAPTURE_AUTORELEASING = YES;
				CLANG_WARN_BOOL_CONVERSION = YES;
				CLANG_WARN_COMMA = YES;
				CLANG_WARN_CONSTANT_CONVERSION = YES;
				CLANG_WARN_DEPRECATED_OBJC_IMPLEMENTATIONS = YES;
				CLANG_WARN_DIRECT_OBJC_ISA_USAGE = YES_ERROR;
				CLANG_WARN_DOCUMENTATION_COMMENTS = YES;
				CLANG_WARN_EMPTY_BODY = YES;
				CLANG_WARN_ENUM_CONVERSION = YES;
				CLANG_WARN_INFINITE_RECURSION = YES;
				CLANG_WARN_INT_CONVERSION = YES;
				CLANG_WARN_NON_LITERAL_NULL_CONVERSION = YES;
				CLANG_WARN_OBJC_IMPLICIT_RETAIN_SELF = YES;
				CLANG_WARN_OBJC_LITERAL_CONVERSION = YES;
				CLANG_WARN_OBJC_ROOT_CLASS = YES_ERROR;
				CLANG_WARN_QUOTED_INCLUDE_IN_FRAMEWORK_HEADER = YES;
				CLANG_WARN_RANGE_LOOP_ANALYSIS = YES;
				CLANG_WARN_STRICT_PROTOTYPES = YES;
				CLANG_WARN_SUSPICIOUS_MOVE = YES;
				CLANG_WARN_UNGUARDED_AVAILABILITY = YES_AGGRESSIVE;
				CLANG_WARN_UNREACHABLE_CODE = YES;
				CLANG_WARN__DUPLICATE_METHOD_MATCH = YES;
				COPY_PHASE_STRIP = NO;
				DEBUG_INFORMATION_FORMAT = dwarf;
				ENABLE_STRICT_OBJC_MSGSEND = YES;
				ENABLE_TESTABILITY = YES;
				ENABLE_USER_SCRIPT_SANDBOXING = YES;
				GCC_C_LANGUAGE_STANDARD = gnu17;
				GCC_DYNAMIC_NO_PIC = NO;
				GCC_NO_COMMON_BLOCKS = YES;
				GCC_OPTIMIZATION_LEVEL = 0;
				GCC_PREPROCESSOR_DEFINITIONS = (
					"DEBUG=1",
					"$(inherited)",
				);
				GCC_WARN_64_TO_32_BIT_CONVERSION = YES;
				GCC_WARN_ABOUT_RETURN_TYPE = YES_ERROR;
				GCC_WARN_UNDECLARED_SELECTOR = YES;
				GCC_WARN_UNINITIALIZED_AUTOS = YES_AGGRESSIVE;
				GCC_WARN_UNUSED_FUNCTION = YES;
				GCC_WARN_UNUSED_VARIABLE = YES;
				IPHONEOS_DEPLOYMENT_TARGET = 17.0;
				LOCALIZATION_PREFERS_STRING_CATALOGS = YES;
				MTL_ENABLE_DEBUG_INFO = INCLUDE_SOURCE;
				MTL_FAST_MATH = YES;
				ONLY_ACTIVE_ARCH = YES;
				SDKROOT = iphoneos;
				SWIFT_ACTIVE_COMPILATION_CONDITIONS = "DEBUG $(inherited)";
				SWIFT_OPTIMIZATION_LEVEL = "-Onone";
			};
			name = Debug;
		};
		EA6BC1A12AD02F0400E5C015 /* Release */ = {
			isa = XCBuildConfiguration;
			buildSettings = {
				ALWAYS_SEARCH_USER_PATHS = NO;
				ASSETCATALOG_COMPILER_GENERATE_SWIFT_ASSET_SYMBOL_EXTENSIONS = YES;
				CLANG_ANALYZER_NONNULL = YES;
				CLANG_ANALYZER_NUMBER_OBJECT_CONVERSION = YES_AGGRESSIVE;
				CLANG_CXX_LANGUAGE_STANDARD = "gnu++20";
				CLANG_ENABLE_MODULES = YES;
				CLANG_ENABLE_OBJC_ARC = YES;
				CLANG_ENABLE_OBJC_WEAK = YES;
				CLANG_WARN_BLOCK_CAPTURE_AUTORELEASING = YES;
				CLANG_WARN_BOOL_CONVERSION = YES;
				CLANG_WARN_COMMA = YES;
				CLANG_WARN_CONSTANT_CONVERSION = YES;
				CLANG_WARN_DEPRECATED_OBJC_IMPLEMENTATIONS = YES;
				CLANG_WARN_DIRECT_OBJC_ISA_USAGE = YES_ERROR;
				CLANG_WARN_DOCUMENTATION_COMMENTS = YES;
				CLANG_WARN_EMPTY_BODY = YES;
				CLANG_WARN_ENUM_CONVERSION = YES;
				CLANG_WARN_INFINITE_RECURSION = YES;
				CLANG_WARN_INT_CONVERSION = YES;
				CLANG_WARN_NON_LITERAL_NULL_CONVERSION = YES;
				CLANG_WARN_OBJC_IMPLICIT_RETAIN_SELF = YES;
				CLANG_WARN_OBJC_LITERAL_CONVERSION = YES;
				CLANG_WARN_OBJC_ROOT_CLASS = YES_ERROR;
				CLANG_WARN_QUOTED_INCLUDE_IN_FRAMEWORK_HEADER = YES;
				CLANG_WARN_RANGE_LOOP_ANALYSIS = YES;
				CLANG_WARN_STRICT_PROTOTYPES = YES;
				CLANG_WARN_SUSPICIOUS_MOVE = YES;
				CLANG_WARN_UNGUARDED_AVAILABILITY = YES_AGGRESSIVE;
				CLANG_WARN_UNREACHABLE_CODE = YES;
				CLANG_WARN__DUPLICATE_METHOD_MATCH = YES;
				COPY_PHASE_STRIP = NO;
				DEBUG_INFORMATION_FORMAT = "dwarf-with-dsym";
				ENABLE_NS_ASSERTIONS = NO;
				ENABLE_STRICT_OBJC_MSGSEND = YES;
				ENABLE_USER_SCRIPT_SANDBOXING = YES;
				GCC_C_LANGUAGE_STANDARD = gnu17;
				GCC_NO_COMMON_BLOCKS = YES;
				GCC_WARN_64_TO_32_BIT_CONVERSION = YES;
				GCC_WARN_ABOUT_RETURN_TYPE = YES_ERROR;
				GCC_WARN_UNDECLARED_SELECTOR = YES;
				GCC_WARN_UNINITIALIZED_AUTOS = YES_AGGRESSIVE;
				GCC_WARN_UNUSED_FUNCTION = YES;
				GCC_WARN_UNUSED_VARIABLE = YES;
				IPHONEOS_DEPLOYMENT_TARGET = 17.0;
				LOCALIZATION_PREFERS_STRING_CATALOGS = YES;
				MTL_ENABLE_DEBUG_INFO = NO;
				MTL_FAST_MATH = YES;
				SDKROOT = iphoneos;
				SWIFT_COMPILATION_MODE = wholemodule;
				VALIDATE_PRODUCT = YES;
			};
			name = Release;
		};
		EA6BC1A32AD02F0400E5C015 /* Debug */ = {
			isa = XCBuildConfiguration;
			buildSettings = {
				ASSETCATALOG_COMPILER_APPICON_NAME = AppIcon;
				ASSETCATALOG_COMPILER_GLOBAL_ACCENT_COLOR_NAME = AccentColor;
				CODE_SIGN_STYLE = Automatic;
				CURRENT_PROJECT_VERSION = 1;
				DEVELOPMENT_TEAM = 532T45L6HD;
				GENERATE_INFOPLIST_FILE = YES;
				INFOPLIST_FILE = "instagram-snapkit/Resources/Info.plist";
				INFOPLIST_KEY_UIApplicationSupportsIndirectInputEvents = YES;
				INFOPLIST_KEY_UILaunchStoryboardName = LaunchScreen;
				INFOPLIST_KEY_UIMainStoryboardFile = "";
				INFOPLIST_KEY_UISupportedInterfaceOrientations_iPad = "UIInterfaceOrientationPortrait UIInterfaceOrientationPortraitUpsideDown UIInterfaceOrientationLandscapeLeft UIInterfaceOrientationLandscapeRight";
				INFOPLIST_KEY_UISupportedInterfaceOrientations_iPhone = "UIInterfaceOrientationPortrait UIInterfaceOrientationLandscapeLeft UIInterfaceOrientationLandscapeRight";
				LD_RUNPATH_SEARCH_PATHS = (
					"$(inherited)",
					"@executable_path/Frameworks",
				);
				MARKETING_VERSION = 1.0;
				PRODUCT_BUNDLE_IDENTIFIER = "example.instagram-snapkit";
				PRODUCT_NAME = "$(TARGET_NAME)";
				SWIFT_EMIT_LOC_STRINGS = YES;
				SWIFT_VERSION = 5.0;
				TARGETED_DEVICE_FAMILY = "1,2";
			};
			name = Debug;
		};
		EA6BC1A42AD02F0400E5C015 /* Release */ = {
			isa = XCBuildConfiguration;
			buildSettings = {
				ASSETCATALOG_COMPILER_APPICON_NAME = AppIcon;
				ASSETCATALOG_COMPILER_GLOBAL_ACCENT_COLOR_NAME = AccentColor;
				CODE_SIGN_STYLE = Automatic;
				CURRENT_PROJECT_VERSION = 1;
				DEVELOPMENT_TEAM = 532T45L6HD;
				GENERATE_INFOPLIST_FILE = YES;
				INFOPLIST_FILE = "instagram-snapkit/Resources/Info.plist";
				INFOPLIST_KEY_UIApplicationSupportsIndirectInputEvents = YES;
				INFOPLIST_KEY_UILaunchStoryboardName = LaunchScreen;
				INFOPLIST_KEY_UIMainStoryboardFile = "";
				INFOPLIST_KEY_UISupportedInterfaceOrientations_iPad = "UIInterfaceOrientationPortrait UIInterfaceOrientationPortraitUpsideDown UIInterfaceOrientationLandscapeLeft UIInterfaceOrientationLandscapeRight";
				INFOPLIST_KEY_UISupportedInterfaceOrientations_iPhone = "UIInterfaceOrientationPortrait UIInterfaceOrientationLandscapeLeft UIInterfaceOrientationLandscapeRight";
				LD_RUNPATH_SEARCH_PATHS = (
					"$(inherited)",
					"@executable_path/Frameworks",
				);
				MARKETING_VERSION = 1.0;
				PRODUCT_BUNDLE_IDENTIFIER = "example.instagram-snapkit";
				PRODUCT_NAME = "$(TARGET_NAME)";
				SWIFT_EMIT_LOC_STRINGS = YES;
				SWIFT_VERSION = 5.0;
				TARGETED_DEVICE_FAMILY = "1,2";
			};
			name = Release;
		};
/* End XCBuildConfiguration section */

/* Begin XCConfigurationList section */
		EA6BC1892AD02F0300E5C015 /* Build configuration list for PBXProject "instagram-snapkit" */ = {
			isa = XCConfigurationList;
			buildConfigurations = (
				EA6BC1A02AD02F0400E5C015 /* Debug */,
				EA6BC1A12AD02F0400E5C015 /* Release */,
			);
			defaultConfigurationIsVisible = 0;
			defaultConfigurationName = Release;
		};
		EA6BC1A22AD02F0400E5C015 /* Build configuration list for PBXNativeTarget "instagram-snapkit" */ = {
			isa = XCConfigurationList;
			buildConfigurations = (
				EA6BC1A32AD02F0400E5C015 /* Debug */,
				EA6BC1A42AD02F0400E5C015 /* Release */,
			);
			defaultConfigurationIsVisible = 0;
			defaultConfigurationName = Release;
		};
/* End XCConfigurationList section */

/* Begin XCRemoteSwiftPackageReference section */
		EA6BC1AA2AD031D800E5C015 /* XCRemoteSwiftPackageReference "SnapKit" */ = {
			isa = XCRemoteSwiftPackageReference;
			repositoryURL = "https://github.com/SnapKit/SnapKit.git";
			requirement = {
				kind = upToNextMajorVersion;
				minimumVersion = 5.6.0;
			};
		};
/* End XCRemoteSwiftPackageReference section */

/* Begin XCSwiftPackageProductDependency section */
		EA6BC1AB2AD031D800E5C015 /* SnapKit */ = {
			isa = XCSwiftPackageProductDependency;
			package = EA6BC1AA2AD031D800E5C015 /* XCRemoteSwiftPackageReference "SnapKit" */;
			productName = SnapKit;
		};
/* End XCSwiftPackageProductDependency section */
	};
	rootObject = EA6BC1862AD02F0300E5C015 /* Project object */;
}
